// !$*UTF8*$!
{
	archiveVersion = 1;
	classes = {
	};
	objectVersion = 48;
	objects = {

/* Begin PBXBuildFile section */
		9E83BD4F201EBA2500077D3C /* AppDelegate.swift in Sources */ = {isa = PBXBuildFile; fileRef = 9E83BD4E201EBA2500077D3C /* AppDelegate.swift */; };
		9E83BD51201EBA2500077D3C /* ViewController.swift in Sources */ = {isa = PBXBuildFile; fileRef = 9E83BD50201EBA2500077D3C /* ViewController.swift */; };
		9E83BD53201EBA2500077D3C /* Assets.xcassets in Resources */ = {isa = PBXBuildFile; fileRef = 9E83BD52201EBA2500077D3C /* Assets.xcassets */; };
		9E83BD56201EBA2500077D3C /* Main.storyboard in Resources */ = {isa = PBXBuildFile; fileRef = 9E83BD54201EBA2500077D3C /* Main.storyboard */; };
/* End PBXBuildFile section */

/* Begin PBXFileReference section */
		9E83BD4B201EBA2500077D3C /* LercSwiftMixed.app */ = {isa = PBXFileReference; explicitFileType = wrapper.application; includeInIndex = 0; path = LercSwiftMixed.app; sourceTree = BUILT_PRODUCTS_DIR; };
		9E83BD4E201EBA2500077D3C /* AppDelegate.swift */ = {isa = PBXFileReference; lastKnownFileType = sourcecode.swift; path = AppDelegate.swift; sourceTree = "<group>"; };
		9E83BD50201EBA2500077D3C /* ViewController.swift */ = {isa = PBXFileReference; lastKnownFileType = sourcecode.swift; path = ViewController.swift; sourceTree = "<group>"; };
		9E83BD52201EBA2500077D3C /* Assets.xcassets */ = {isa = PBXFileReference; lastKnownFileType = folder.assetcatalog; path = Assets.xcassets; sourceTree = "<group>"; };
		9E83BD55201EBA2500077D3C /* Base */ = {isa = PBXFileReference; lastKnownFileType = file.storyboard; name = Base; path = Base.lproj/Main.storyboard; sourceTree = "<group>"; };
		9E83BD57201EBA2500077D3C /* Info.plist */ = {isa = PBXFileReference; lastKnownFileType = text.plist.xml; path = Info.plist; sourceTree = "<group>"; };
		9E83BD58201EBA2500077D3C /* LercSwiftMixed.entitlements */ = {isa = PBXFileReference; lastKnownFileType = text.plist.entitlements; path = LercSwiftMixed.entitlements; sourceTree = "<group>"; };
/* End PBXFileReference section */

/* Begin PBXFrameworksBuildPhase section */
		9E83BD48201EBA2500077D3C /* Frameworks */ = {
			isa = PBXFrameworksBuildPhase;
			buildActionMask = 2147483647;
			files = (
			);
			runOnlyForDeploymentPostprocessing = 0;
		};
/* End PBXFrameworksBuildPhase section */

/* Begin PBXGroup section */
		9E83BD42201EBA2500077D3C = {
			isa = PBXGroup;
			children = (
				9E83BD4D201EBA2500077D3C /* LercSwiftMixed */,
				9E83BD4C201EBA2500077D3C /* Products */,
			);
			sourceTree = "<group>";
		};
		9E83BD4C201EBA2500077D3C /* Products */ = {
			isa = PBXGroup;
			children = (
				9E83BD4B201EBA2500077D3C /* LercSwiftMixed.app */,
			);
			name = Products;
			sourceTree = "<group>";
		};
		9E83BD4D201EBA2500077D3C /* LercSwiftMixed */ = {
			isa = PBXGroup;
			children = (
				9E83BD4E201EBA2500077D3C /* AppDelegate.swift */,
				9E83BD50201EBA2500077D3C /* ViewController.swift */,
				9E83BD52201EBA2500077D3C /* Assets.xcassets */,
				9E83BD54201EBA2500077D3C /* Main.storyboard */,
				9E83BD57201EBA2500077D3C /* Info.plist */,
				9E83BD58201EBA2500077D3C /* LercSwiftMixed.entitlements */,
			);
			path = LercSwiftMixed;
			sourceTree = "<group>";
		};
/* End PBXGroup section */

/* Begin PBXNativeTarget section */
		9E83BD4A201EBA2500077D3C /* LercSwiftMixed */ = {
			isa = PBXNativeTarget;
			buildConfigurationList = 9E83BD5B201EBA2500077D3C /* Build configuration list for PBXNativeTarget "LercSwiftMixed" */;
			buildPhases = (
				9E83BD47201EBA2500077D3C /* Sources */,
				9E83BD48201EBA2500077D3C /* Frameworks */,
				9E83BD49201EBA2500077D3C /* Resources */,
			);
			buildRules = (
			);
			dependencies = (
			);
			name = LercSwiftMixed;
			productName = LercSwiftMixed;
			productReference = 9E83BD4B201EBA2500077D3C /* LercSwiftMixed.app */;
			productType = "com.apple.product-type.application";
		};
/* End PBXNativeTarget section */

/* Begin PBXProject section */
		9E83BD43201EBA2500077D3C /* Project object */ = {
			isa = PBXProject;
			attributes = {
				LastSwiftUpdateCheck = 0920;
				LastUpgradeCheck = 0920;
				ORGANIZATIONNAME = gago;
				TargetAttributes = {
					9E83BD4A201EBA2500077D3C = {
						CreatedOnToolsVersion = 9.2;
						ProvisioningStyle = Automatic;
					};
				};
			};
			buildConfigurationList = 9E83BD46201EBA2500077D3C /* Build configuration list for PBXProject "LercSwiftMixed" */;
			compatibilityVersion = "Xcode 8.0";
			developmentRegion = en;
			hasScannedForEncodings = 0;
			knownRegions = (
				en,
				Base,
			);
			mainGroup = 9E83BD42201EBA2500077D3C;
			productRefGroup = 9E83BD4C201EBA2500077D3C /* Products */;
			projectDirPath = "";
			projectRoot = "";
			targets = (
				9E83BD4A201EBA2500077D3C /* LercSwiftMixed */,
			);
		};
/* End PBXProject section */

/* Begin PBXResourcesBuildPhase section */
		9E83BD49201EBA2500077D3C /* Resources */ = {
			isa = PBXResourcesBuildPhase;
			buildActionMask = 2147483647;
			files = (
				9E83BD53201EBA2500077D3C /* Assets.xcassets in Resources */,
				9E83BD56201EBA2500077D3C /* Main.storyboard in Resources */,
			);
			runOnlyForDeploymentPostprocessing = 0;
		};
/* End PBXResourcesBuildPhase section */

/* Begin PBXSourcesBuildPhase section */
		9E83BD47201EBA2500077D3C /* Sources */ = {
			isa = PBXSourcesBuildPhase;
			buildActionMask = 2147483647;
			files = (
				9E83BD51201EBA2500077D3C /* ViewController.swift in Sources */,
				9E83BD4F201EBA2500077D3C /* AppDelegate.swift in Sources */,
			);
			runOnlyForDeploymentPostprocessing = 0;
		};
/* End PBXSourcesBuildPhase section */

/* Begin PBXVariantGroup section */
		9E83BD54201EBA2500077D3C /* Main.storyboard */ = {
			isa = PBXVariantGroup;
			children = (
				9E83BD55201EBA2500077D3C /* Base */,
			);
			name = Main.storyboard;
			sourceTree = "<group>";
		};
/* End PBXVariantGroup section */

/* Begin XCBuildConfiguration section */
		9E83BD59201EBA2500077D3C /* Debug */ = {
			isa = XCBuildConfiguration;
			buildSettings = {
				ALWAYS_SEARCH_USER_PATHS = NO;
				CLANG_ANALYZER_NONNULL = YES;
				CLANG_ANALYZER_NUMBER_OBJECT_CONVERSION = YES_AGGRESSIVE;
				CLANG_CXX_LANGUAGE_STANDARD = "gnu++14";
				CLANG_CXX_LIBRARY = "libc++";
				CLANG_ENABLE_MODULES = YES;
				CLANG_ENABLE_OBJC_ARC = YES;
				CLANG_WARN_BLOCK_CAPTURE_AUTORELEASING = YES;
				CLANG_WARN_BOOL_CONVERSION = YES;
				CLANG_WARN_COMMA = YES;
				CLANG_WARN_CONSTANT_CONVERSION = YES;
				CLANG_WARN_DIRECT_OBJC_ISA_USAGE = YES_ERROR;
				CLANG_WARN_DOCUMENTATION_COMMENTS = YES;
				CLANG_WARN_EMPTY_BODY = YES;
				CLANG_WARN_ENUM_CONVERSION = YES;
				CLANG_WARN_INFINITE_RECURSION = YES;
				CLANG_WARN_INT_CONVERSION = YES;
				CLANG_WARN_NON_LITERAL_NULL_CONVERSION = YES;
				CLANG_WARN_OBJC_LITERAL_CONVERSION = YES;
				CLANG_WARN_OBJC_ROOT_CLASS = YES_ERROR;
				CLANG_WARN_RANGE_LOOP_ANALYSIS = YES;
				CLANG_WARN_STRICT_PROTOTYPES = YES;
				CLANG_WARN_SUSPICIOUS_MOVE = YES;
				CLANG_WARN_UNGUARDED_AVAILABILITY = YES_AGGRESSIVE;
				CLANG_WARN_UNREACHABLE_CODE = YES;
				CLANG_WARN__DUPLICATE_METHOD_MATCH = YES;
				CODE_SIGN_IDENTITY = "Mac Developer";
				COPY_PHASE_STRIP = NO;
				DEBUG_INFORMATION_FORMAT = dwarf;
				ENABLE_STRICT_OBJC_MSGSEND = YES;
				ENABLE_TESTABILITY = YES;
				GCC_C_LANGUAGE_STANDARD = gnu11;
				GCC_DYNAMIC_NO_PIC = NO;
				GCC_NO_COMMON_BLOCKS = YES;
				GCC_OPTIMIZATION_LEVEL = 0;
				GCC_PREPROCESSOR_DEFINITIONS = (
					"DEBUG=1",
					"$(inherited)",
				);
				GCC_WARN_64_TO_32_BIT_CONVERSION = YES;
				GCC_WARN_ABOUT_RETURN_TYPE = YES_ERROR;
				GCC_WARN_UNDECLARED_SELECTOR = YES;
				GCC_WARN_UNINITIALIZED_AUTOS = YES_AGGRESSIVE;
				GCC_WARN_UNUSED_FUNCTION = YES;
				GCC_WARN_UNUSED_VARIABLE = YES;
				MACOSX_DEPLOYMENT_TARGET = 10.13;
				MTL_ENABLE_DEBUG_INFO = YES;
				ONLY_ACTIVE_ARCH = YES;
				SDKROOT = macosx;
				SWIFT_ACTIVE_COMPILATION_CONDITIONS = DEBUG;
				SWIFT_OPTIMIZATION_LEVEL = "-Onone";
			};
			name = Debug;
		};
		9E83BD5A201EBA2500077D3C /* Release */ = {
			isa = XCBuildConfiguration;
			buildSettings = {
				ALWAYS_SEARCH_USER_PATHS = NO;
				CLANG_ANALYZER_NONNULL = YES;
				CLANG_ANALYZER_NUMBER_OBJECT_CONVERSION = YES_AGGRESSIVE;
				CLANG_CXX_LANGUAGE_STANDARD = "gnu++14";
				CLANG_CXX_LIBRARY = "libc++";
				CLANG_ENABLE_MODULES = YES;
				CLANG_ENABLE_OBJC_ARC = YES;
				CLANG_WARN_BLOCK_CAPTURE_AUTORELEASING = YES;
				CLANG_WARN_BOOL_CONVERSION = YES;
				CLANG_WARN_COMMA = YES;
				CLANG_WARN_CONSTANT_CONVERSION = YES;
				CLANG_WARN_DIRECT_OBJC_ISA_USAGE = YES_ERROR;
				CLANG_WARN_DOCUMENTATION_COMMENTS = YES;
				CLANG_WARN_EMPTY_BODY = YES;
				CLANG_WARN_ENUM_CONVERSION = YES;
				CLANG_WARN_INFINITE_RECURSION = YES;
				CLANG_WARN_INT_CONVERSION = YES;
				CLANG_WARN_NON_LITERAL_NULL_CONVERSION = YES;
				CLANG_WARN_OBJC_LITERAL_CONVERSION = YES;
				CLANG_WARN_OBJC_ROOT_CLASS = YES_ERROR;
				CLANG_WARN_RANGE_LOOP_ANALYSIS = YES;
				CLANG_WARN_STRICT_PROTOTYPES = YES;
				CLANG_WARN_SUSPICIOUS_MOVE = YES;
				CLANG_WARN_UNGUARDED_AVAILABILITY = YES_AGGRESSIVE;
				CLANG_WARN_UNREACHABLE_CODE = YES;
				CLANG_WARN__DUPLICATE_METHOD_MATCH = YES;
				CODE_SIGN_IDENTITY = "Mac Developer";
				COPY_PHASE_STRIP = NO;
				DEBUG_INFORMATION_FORMAT = "dwarf-with-dsym";
				ENABLE_NS_ASSERTIONS = NO;
				ENABLE_STRICT_OBJC_MSGSEND = YES;
				GCC_C_LANGUAGE_STANDARD = gnu11;
				GCC_NO_COMMON_BLOCKS = YES;
				GCC_WARN_64_TO_32_BIT_CONVERSION = YES;
				GCC_WARN_ABOUT_RETURN_TYPE = YES_ERROR;
				GCC_WARN_UNDECLARED_SELECTOR = YES;
				GCC_WARN_UNINITIALIZED_AUTOS = YES_AGGRESSIVE;
				GCC_WARN_UNUSED_FUNCTION = YES;
				GCC_WARN_UNUSED_VARIABLE = YES;
				MACOSX_DEPLOYMENT_TARGET = 10.13;
				MTL_ENABLE_DEBUG_INFO = NO;
				SDKROOT = macosx;
				SWIFT_OPTIMIZATION_LEVEL = "-Owholemodule";
			};
			name = Release;
		};
		9E83BD5C201EBA2500077D3C /* Debug */ = {
			isa = XCBuildConfiguration;
			buildSettings = {
				ASSETCATALOG_COMPILER_APPICON_NAME = AppIcon;
				CODE_SIGN_ENTITLEMENTS = LercSwiftMixed/LercSwiftMixed.entitlements;
				CODE_SIGN_STYLE = Automatic;
				COMBINE_HIDPI_IMAGES = YES;
				DEVELOPMENT_TEAM = 64QP8GDRNN;
				INFOPLIST_FILE = LercSwiftMixed/Info.plist;
				LD_RUNPATH_SEARCH_PATHS = "$(inherited) @executable_path/../Frameworks";
				PRODUCT_BUNDLE_IDENTIFIER = com.gago.LercSwiftMixed;
				PRODUCT_NAME = "$(TARGET_NAME)";
				SWIFT_VERSION = 4.0;
			};
			name = Debug;
		};
		9E83BD5D201EBA2500077D3C /* Release */ = {
			isa = XCBuildConfiguration;
			buildSettings = {
				ASSETCATALOG_COMPILER_APPICON_NAME = AppIcon;
				CODE_SIGN_ENTITLEMENTS = LercSwiftMixed/LercSwiftMixed.entitlements;
				CODE_SIGN_STYLE = Automatic;
				COMBINE_HIDPI_IMAGES = YES;
				DEVELOPMENT_TEAM = 64QP8GDRNN;
				INFOPLIST_FILE = LercSwiftMixed/Info.plist;
				LD_RUNPATH_SEARCH_PATHS = "$(inherited) @executable_path/../Frameworks";
				PRODUCT_BUNDLE_IDENTIFIER = com.gago.LercSwiftMixed;
				PRODUCT_NAME = "$(TARGET_NAME)";
				SWIFT_VERSION = 4.0;
			};
			name = Release;
		};
/* End XCBuildConfiguration section */

/* Begin XCConfigurationList section */
		9E83BD46201EBA2500077D3C /* Build configuration list for PBXProject "LercSwiftMixed" */ = {
			isa = XCConfigurationList;
			buildConfigurations = (
				9E83BD59201EBA2500077D3C /* Debug */,
				9E83BD5A201EBA2500077D3C /* Release */,
			);
			defaultConfigurationIsVisible = 0;
			defaultConfigurationName = Release;
		};
		9E83BD5B201EBA2500077D3C /* Build configuration list for PBXNativeTarget "LercSwiftMixed" */ = {
			isa = XCConfigurationList;
			buildConfigurations = (
				9E83BD5C201EBA2500077D3C /* Debug */,
				9E83BD5D201EBA2500077D3C /* Release */,
			);
			defaultConfigurationIsVisible = 0;
			defaultConfigurationName = Release;
		};
/* End XCConfigurationList section */
	};
	rootObject = 9E83BD43201EBA2500077D3C /* Project object */;
}
